// !$*UTF8*$!
{
	archiveVersion = 1;
	classes = {
	};
	objectVersion = 50;
	objects = {

/* Begin PBXBuildFile section */
		B348535325AB2A0D002E3B70 /* Namespace.cpp in Sources */ = {isa = PBXBuildFile; fileRef = B348535125AB2A0D002E3B70 /* Namespace.cpp */; };
		B348535725AB338D002E3B70 /* ConstType.cpp in Sources */ = {isa = PBXBuildFile; fileRef = B348535525AB338D002E3B70 /* ConstType.cpp */; };
		B3F9714B25A04262006EE8E7 /* main.cpp in Sources */ = {isa = PBXBuildFile; fileRef = B3F9714A25A04262006EE8E7 /* main.cpp */; };
		C488685A25DFBFD200C4C46E /* InlineFunction.cpp in Sources */ = {isa = PBXBuildFile; fileRef = C488685825DFBFD200C4C46E /* InlineFunction.cpp */; };
		C488685F25DFC40500C4C46E /* FunctionDefaultParameter.cpp in Sources */ = {isa = PBXBuildFile; fileRef = C488685D25DFC40500C4C46E /* FunctionDefaultParameter.cpp */; };
		C488686325DFC70200C4C46E /* FunctionOverloading.cpp in Sources */ = {isa = PBXBuildFile; fileRef = C488686125DFC70200C4C46E /* FunctionOverloading.cpp */; };
		C48D0E5A25DF9DD0000676FB /* WeakC.cpp in Sources */ = {isa = PBXBuildFile; fileRef = C48D0E5825DF9DD0000676FB /* WeakC.cpp */; };
		C4D451D225CE847900C711C2 /* CMemory.cpp in Sources */ = {isa = PBXBuildFile; fileRef = C4D451D125CE847900C711C2 /* CMemory.cpp */; };
/* End PBXBuildFile section */

/* Begin PBXCopyFilesBuildPhase section */
		B3F9714525A04261006EE8E7 /* CopyFiles */ = {
			isa = PBXCopyFilesBuildPhase;
			buildActionMask = 2147483647;
			dstPath = /usr/share/man/man1/;
			dstSubfolderSpec = 0;
			files = (
			);
			runOnlyForDeploymentPostprocessing = 1;
		};
/* End PBXCopyFilesBuildPhase section */

/* Begin PBXFileReference section */
		B348535125AB2A0D002E3B70 /* Namespace.cpp */ = {isa = PBXFileReference; lastKnownFileType = sourcecode.cpp.cpp; path = Namespace.cpp; sourceTree = "<group>"; };
		B348535225AB2A0D002E3B70 /* Namespace.hpp */ = {isa = PBXFileReference; lastKnownFileType = sourcecode.cpp.h; path = Namespace.hpp; sourceTree = "<group>"; };
		B348535525AB338D002E3B70 /* ConstType.cpp */ = {isa = PBXFileReference; lastKnownFileType = sourcecode.cpp.cpp; path = ConstType.cpp; sourceTree = "<group>"; };
		B348535625AB338D002E3B70 /* ConstType.hpp */ = {isa = PBXFileReference; lastKnownFileType = sourcecode.cpp.h; path = ConstType.hpp; sourceTree = "<group>"; };
		B3F9714725A04262006EE8E7 /* C++ */ = {isa = PBXFileReference; explicitFileType = "compiled.mach-o.executable"; includeInIndex = 0; path = "C++"; sourceTree = BUILT_PRODUCTS_DIR; };
		B3F9714A25A04262006EE8E7 /* main.cpp */ = {isa = PBXFileReference; lastKnownFileType = sourcecode.cpp.cpp; path = main.cpp; sourceTree = "<group>"; };
		C488685825DFBFD200C4C46E /* InlineFunction.cpp */ = {isa = PBXFileReference; lastKnownFileType = sourcecode.cpp.cpp; path = InlineFunction.cpp; sourceTree = "<group>"; };
		C488685925DFBFD200C4C46E /* InlineFunction.hpp */ = {isa = PBXFileReference; lastKnownFileType = sourcecode.cpp.h; path = InlineFunction.hpp; sourceTree = "<group>"; };
		C488685D25DFC40500C4C46E /* FunctionDefaultParameter.cpp */ = {isa = PBXFileReference; lastKnownFileType = sourcecode.cpp.cpp; path = FunctionDefaultParameter.cpp; sourceTree = "<group>"; };
		C488685E25DFC40500C4C46E /* FunctionDefaultParameter.hpp */ = {isa = PBXFileReference; lastKnownFileType = sourcecode.cpp.h; path = FunctionDefaultParameter.hpp; sourceTree = "<group>"; };
		C488686125DFC70200C4C46E /* FunctionOverloading.cpp */ = {isa = PBXFileReference; lastKnownFileType = sourcecode.cpp.cpp; path = FunctionOverloading.cpp; sourceTree = "<group>"; };
		C488686225DFC70200C4C46E /* FunctionOverloading.hpp */ = {isa = PBXFileReference; lastKnownFileType = sourcecode.cpp.h; path = FunctionOverloading.hpp; sourceTree = "<group>"; };
		C48D0E5825DF9DD0000676FB /* WeakC.cpp */ = {isa = PBXFileReference; lastKnownFileType = sourcecode.cpp.cpp; path = WeakC.cpp; sourceTree = "<group>"; };
		C48D0E5925DF9DD0000676FB /* WeakC.hpp */ = {isa = PBXFileReference; lastKnownFileType = sourcecode.cpp.h; path = WeakC.hpp; sourceTree = "<group>"; };
		C4D451D025CE847900C711C2 /* CMemory.hpp */ = {isa = PBXFileReference; lastKnownFileType = sourcecode.cpp.h; path = CMemory.hpp; sourceTree = "<group>"; };
		C4D451D125CE847900C711C2 /* CMemory.cpp */ = {isa = PBXFileReference; lastKnownFileType = sourcecode.cpp.cpp; path = CMemory.cpp; sourceTree = "<group>"; };
/* End PBXFileReference section */

/* Begin PBXFrameworksBuildPhase section */
		B3F9714425A04261006EE8E7 /* Frameworks */ = {
			isa = PBXFrameworksBuildPhase;
			buildActionMask = 2147483647;
			files = (
			);
			runOnlyForDeploymentPostprocessing = 0;
		};
/* End PBXFrameworksBuildPhase section */

/* Begin PBXGroup section */
		B348535025AB28FA002E3B70 /* From C to C++ */ = {
			isa = PBXGroup;
			children = (
				B348535125AB2A0D002E3B70 /* Namespace.cpp */,
				B348535225AB2A0D002E3B70 /* Namespace.hpp */,
				B348535525AB338D002E3B70 /* ConstType.cpp */,
				B348535625AB338D002E3B70 /* ConstType.hpp */,
				C488685825DFBFD200C4C46E /* InlineFunction.cpp */,
				C488685925DFBFD200C4C46E /* InlineFunction.hpp */,
				C488685D25DFC40500C4C46E /* FunctionDefaultParameter.cpp */,
				C488685E25DFC40500C4C46E /* FunctionDefaultParameter.hpp */,
				C488686125DFC70200C4C46E /* FunctionOverloading.cpp */,
				C488686225DFC70200C4C46E /* FunctionOverloading.hpp */,
			);
			path = "From C to C++";
			sourceTree = "<group>";
		};
		B3F9713E25A04261006EE8E7 = {
			isa = PBXGroup;
			children = (
				B3F9714925A04262006EE8E7 /* C++ */,
				B3F9714825A04262006EE8E7 /* Products */,
			);
			sourceTree = "<group>";
		};
		B3F9714825A04262006EE8E7 /* Products */ = {
			isa = PBXGroup;
			children = (
				B3F9714725A04262006EE8E7 /* C++ */,
			);
			name = Products;
			sourceTree = "<group>";
		};
		B3F9714925A04262006EE8E7 /* C++ */ = {
			isa = PBXGroup;
			children = (
				C48D0E5725DF9D94000676FB /* Weak Symbol & Weak Reference */,
				C4D451CF25CE83F200C711C2 /* C Memory */,
				B348535025AB28FA002E3B70 /* From C to C++ */,
				B3F9714A25A04262006EE8E7 /* main.cpp */,
			);
			path = "C++";
			sourceTree = "<group>";
		};
		C48D0E5725DF9D94000676FB /* Weak Symbol & Weak Reference */ = {
			isa = PBXGroup;
			children = (
				C48D0E5825DF9DD0000676FB /* WeakC.cpp */,
				C48D0E5925DF9DD0000676FB /* WeakC.hpp */,
			);
			path = "Weak Symbol & Weak Reference";
			sourceTree = "<group>";
		};
		C4D451CF25CE83F200C711C2 /* C Memory */ = {
			isa = PBXGroup;
			children = (
				C4D451D025CE847900C711C2 /* CMemory.hpp */,
				C4D451D125CE847900C711C2 /* CMemory.cpp */,
			);
			path = "C Memory";
			sourceTree = "<group>";
		};
/* End PBXGroup section */

/* Begin PBXNativeTarget section */
		B3F9714625A04261006EE8E7 /* C++ */ = {
			isa = PBXNativeTarget;
			buildConfigurationList = B3F9714E25A04262006EE8E7 /* Build configuration list for PBXNativeTarget "C++" */;
			buildPhases = (
				B3F9714325A04261006EE8E7 /* Sources */,
				B3F9714425A04261006EE8E7 /* Frameworks */,
				B3F9714525A04261006EE8E7 /* CopyFiles */,
			);
			buildRules = (
			);
			dependencies = (
			);
			name = "C++";
			productName = "C++";
			productReference = B3F9714725A04262006EE8E7 /* C++ */;
			productType = "com.apple.product-type.tool";
		};
/* End PBXNativeTarget section */

/* Begin PBXProject section */
		B3F9713F25A04261006EE8E7 /* Project object */ = {
			isa = PBXProject;
			attributes = {
				LastUpgradeCheck = 1230;
				TargetAttributes = {
					B3F9714625A04261006EE8E7 = {
						CreatedOnToolsVersion = 12.3;
					};
				};
			};
			buildConfigurationList = B3F9714225A04261006EE8E7 /* Build configuration list for PBXProject "C++" */;
			compatibilityVersion = "Xcode 9.3";
			developmentRegion = en;
			hasScannedForEncodings = 0;
			knownRegions = (
				en,
				Base,
			);
			mainGroup = B3F9713E25A04261006EE8E7;
			productRefGroup = B3F9714825A04262006EE8E7 /* Products */;
			projectDirPath = "";
			projectRoot = "";
			targets = (
				B3F9714625A04261006EE8E7 /* C++ */,
			);
		};
/* End PBXProject section */

/* Begin PBXSourcesBuildPhase section */
		B3F9714325A04261006EE8E7 /* Sources */ = {
			isa = PBXSourcesBuildPhase;
			buildActionMask = 2147483647;
			files = (
				C488686325DFC70200C4C46E /* FunctionOverloading.cpp in Sources */,
				B3F9714B25A04262006EE8E7 /* main.cpp in Sources */,
				B348535725AB338D002E3B70 /* ConstType.cpp in Sources */,
				C4D451D225CE847900C711C2 /* CMemory.cpp in Sources */,
				C48D0E5A25DF9DD0000676FB /* WeakC.cpp in Sources */,
				C488685A25DFBFD200C4C46E /* InlineFunction.cpp in Sources */,
				B348535325AB2A0D002E3B70 /* Namespace.cpp in Sources */,
				C488685F25DFC40500C4C46E /* FunctionDefaultParameter.cpp in Sources */,
			);
			runOnlyForDeploymentPostprocessing = 0;
		};
/* End PBXSourcesBuildPhase section */

/* Begin XCBuildConfiguration section */
		B3F9714C25A04262006EE8E7 /* Debug */ = {
			isa = XCBuildConfiguration;
			buildSettings = {
				ALWAYS_SEARCH_USER_PATHS = NO;
				CLANG_ANALYZER_NONNULL = YES;
				CLANG_ANALYZER_NUMBER_OBJECT_CONVERSION = YES_AGGRESSIVE;
				CLANG_CXX_LANGUAGE_STANDARD = "gnu++14";
				CLANG_CXX_LIBRARY = "libc++";
				CLANG_ENABLE_MODULES = YES;
				CLANG_ENABLE_OBJC_ARC = YES;
				CLANG_ENABLE_OBJC_WEAK = YES;
				CLANG_WARN_BLOCK_CAPTURE_AUTORELEASING = YES;
				CLANG_WARN_BOOL_CONVERSION = YES;
				CLANG_WARN_COMMA = YES;
				CLANG_WARN_CONSTANT_CONVERSION = YES;
				CLANG_WARN_DEPRECATED_OBJC_IMPLEMENTATIONS = YES;
				CLANG_WARN_DIRECT_OBJC_ISA_USAGE = YES_ERROR;
				CLANG_WARN_DOCUMENTATION_COMMENTS = YES;
				CLANG_WARN_EMPTY_BODY = YES;
				CLANG_WARN_ENUM_CONVERSION = YES;
				CLANG_WARN_INFINITE_RECURSION = YES;
				CLANG_WARN_INT_CONVERSION = YES;
				CLANG_WARN_NON_LITERAL_NULL_CONVERSION = YES;
				CLANG_WARN_OBJC_IMPLICIT_RETAIN_SELF = YES;
				CLANG_WARN_OBJC_LITERAL_CONVERSION = YES;
				CLANG_WARN_OBJC_ROOT_CLASS = YES_ERROR;
				CLANG_WARN_QUOTED_INCLUDE_IN_FRAMEWORK_HEADER = YES;
				CLANG_WARN_RANGE_LOOP_ANALYSIS = YES;
				CLANG_WARN_STRICT_PROTOTYPES = YES;
				CLANG_WARN_SUSPICIOUS_MOVE = YES;
				CLANG_WARN_UNGUARDED_AVAILABILITY = YES_AGGRESSIVE;
				CLANG_WARN_UNREACHABLE_CODE = YES;
				CLANG_WARN__DUPLICATE_METHOD_MATCH = YES;
				COPY_PHASE_STRIP = NO;
				DEBUG_INFORMATION_FORMAT = dwarf;
				ENABLE_STRICT_OBJC_MSGSEND = YES;
				ENABLE_TESTABILITY = YES;
				GCC_C_LANGUAGE_STANDARD = gnu11;
				GCC_DYNAMIC_NO_PIC = NO;
				GCC_NO_COMMON_BLOCKS = YES;
				GCC_OPTIMIZATION_LEVEL = 0;
				GCC_PREPROCESSOR_DEFINITIONS = (
					"DEBUG=1",
					"$(inherited)",
				);
				GCC_WARN_64_TO_32_BIT_CONVERSION = YES;
				GCC_WARN_ABOUT_RETURN_TYPE = YES_ERROR;
				GCC_WARN_UNDECLARED_SELECTOR = YES;
				GCC_WARN_UNINITIALIZED_AUTOS = YES_AGGRESSIVE;
				GCC_WARN_UNUSED_FUNCTION = YES;
				GCC_WARN_UNUSED_VARIABLE = YES;
				MACOSX_DEPLOYMENT_TARGET = 10.15;
				MTL_ENABLE_DEBUG_INFO = INCLUDE_SOURCE;
				MTL_FAST_MATH = YES;
				ONLY_ACTIVE_ARCH = YES;
				SDKROOT = macosx;
			};
			name = Debug;
		};
		B3F9714D25A04262006EE8E7 /* Release */ = {
			isa = XCBuildConfiguration;
			buildSettings = {
				ALWAYS_SEARCH_USER_PATHS = NO;
				CLANG_ANALYZER_NONNULL = YES;
				CLANG_ANALYZER_NUMBER_OBJECT_CONVERSION = YES_AGGRESSIVE;
				CLANG_CXX_LANGUAGE_STANDARD = "gnu++14";
				CLANG_CXX_LIBRARY = "libc++";
				CLANG_ENABLE_MODULES = YES;
				CLANG_ENABLE_OBJC_ARC = YES;
				CLANG_ENABLE_OBJC_WEAK = YES;
				CLANG_WARN_BLOCK_CAPTURE_AUTORELEASING = YES;
				CLANG_WARN_BOOL_CONVERSION = YES;
				CLANG_WARN_COMMA = YES;
				CLANG_WARN_CONSTANT_CONVERSION = YES;
				CLANG_WARN_DEPRECATED_OBJC_IMPLEMENTATIONS = YES;
				CLANG_WARN_DIRECT_OBJC_ISA_USAGE = YES_ERROR;
				CLANG_WARN_DOCUMENTATION_COMMENTS = YES;
				CLANG_WARN_EMPTY_BODY = YES;
				CLANG_WARN_ENUM_CONVERSION = YES;
				CLANG_WARN_INFINITE_RECURSION = YES;
				CLANG_WARN_INT_CONVERSION = YES;
				CLANG_WARN_NON_LITERAL_NULL_CONVERSION = YES;
				CLANG_WARN_OBJC_IMPLICIT_RETAIN_SELF = YES;
				CLANG_WARN_OBJC_LITERAL_CONVERSION = YES;
				CLANG_WARN_OBJC_ROOT_CLASS = YES_ERROR;
				CLANG_WARN_QUOTED_INCLUDE_IN_FRAMEWORK_HEADER = YES;
				CLANG_WARN_RANGE_LOOP_ANALYSIS = YES;
				CLANG_WARN_STRICT_PROTOTYPES = YES;
				CLANG_WARN_SUSPICIOUS_MOVE = YES;
				CLANG_WARN_UNGUARDED_AVAILABILITY = YES_AGGRESSIVE;
				CLANG_WARN_UNREACHABLE_CODE = YES;
				CLANG_WARN__DUPLICATE_METHOD_MATCH = YES;
				COPY_PHASE_STRIP = NO;
				DEBUG_INFORMATION_FORMAT = "dwarf-with-dsym";
				ENABLE_NS_ASSERTIONS = NO;
				ENABLE_STRICT_OBJC_MSGSEND = YES;
				GCC_C_LANGUAGE_STANDARD = gnu11;
				GCC_NO_COMMON_BLOCKS = YES;
				GCC_WARN_64_TO_32_BIT_CONVERSION = YES;
				GCC_WARN_ABOUT_RETURN_TYPE = YES_ERROR;
				GCC_WARN_UNDECLARED_SELECTOR = YES;
				GCC_WARN_UNINITIALIZED_AUTOS = YES_AGGRESSIVE;
				GCC_WARN_UNUSED_FUNCTION = YES;
				GCC_WARN_UNUSED_VARIABLE = YES;
				MACOSX_DEPLOYMENT_TARGET = 10.15;
				MTL_ENABLE_DEBUG_INFO = NO;
				MTL_FAST_MATH = YES;
				SDKROOT = macosx;
			};
			name = Release;
		};
		B3F9714F25A04262006EE8E7 /* Debug */ = {
			isa = XCBuildConfiguration;
			buildSettings = {
				CODE_SIGN_STYLE = Automatic;
				DEVELOPMENT_TEAM = 7467638S34;
				ENABLE_HARDENED_RUNTIME = YES;
				PRODUCT_NAME = "$(TARGET_NAME)";
			};
			name = Debug;
		};
		B3F9715025A04262006EE8E7 /* Release */ = {
			isa = XCBuildConfiguration;
			buildSettings = {
				CODE_SIGN_STYLE = Automatic;
				DEVELOPMENT_TEAM = GVFS746DQN;
				ENABLE_HARDENED_RUNTIME = YES;
				PRODUCT_NAME = "$(TARGET_NAME)";
			};
			name = Release;
		};
/* End XCBuildConfiguration section */

/* Begin XCConfigurationList section */
		B3F9714225A04261006EE8E7 /* Build configuration list for PBXProject "C++" */ = {
			isa = XCConfigurationList;
			buildConfigurations = (
				B3F9714C25A04262006EE8E7 /* Debug */,
				B3F9714D25A04262006EE8E7 /* Release */,
			);
			defaultConfigurationIsVisible = 0;
			defaultConfigurationName = Release;
		};
		B3F9714E25A04262006EE8E7 /* Build configuration list for PBXNativeTarget "C++" */ = {
			isa = XCConfigurationList;
			buildConfigurations = (
				B3F9714F25A04262006EE8E7 /* Debug */,
				B3F9715025A04262006EE8E7 /* Release */,
			);
			defaultConfigurationIsVisible = 0;
			defaultConfigurationName = Release;
		};
/* End XCConfigurationList section */
	};
	rootObject = B3F9713F25A04261006EE8E7 /* Project object */;
}
